{
  "name": "multer-test",
  "version": "1.0.0",
  "lockfileVersion": 2,
  "requires": true,
  "packages": {
    "": {
      "name": "multer-test",
      "version": "1.0.0",
      "dependencies": {
        "express": "4.18.2",
        "multer": "1.4.5-lts.1"
      }
    },
    "node_modules/express": {
      "version": "4.18.2",
      "resolved": "https://registry.npmjs.org/express/-/express-4.18.2.tgz",
      "integrity": "sha512-5/PsL6iXkGLwZ5qX6Ch12eDqOiiMHDL/95B2S/bR5CV2wE8p8nH3UX0eD+s/rs24kTx5cDIeEJDfBqXc9E+u3w=="
    },
    "node_modules/multer": {
      "version": "1.4.5-lts.1",
      "resolved": "https://registry.npmjs.org/multer/-/multer-1.4.5-lts.1.tgz",
      "integrity": "sha512-ywPWvcDqQp0t8Z1Zq9VHtV6nRvWmvMRGsiE9zMDFMvx6bMpiKFFitvolG/Gp2gbf+5Q5e0siJY9hw3rro3AtxA=="
    }
  },
  "dependencies": {
    "express": {
      "version": "4.18.2",
      "resolved": "https://registry.npmjs.org/express/-/express-4.18.2.tgz",
      "integrity": "sha512-5/PsL6iXkGLwZ5qX6Ch12eDqOiiMHDL/95B2S/bR5CV2wE8p8nH3UX0eD+s/rs24kTx5cDIeEJDfBqXc9E+u3w=="
    },
    "multer": {
      "version": "1.4.5-lts.1",
      "resolved": "https://registry.npmjs.org/multer/-/multer-1.4.5-lts.1.tgz",
      "integrity": "sha512-ywPWvcDqQp0t8Z1Zq9VHtV6nRvWmvMRGsiE9zMDFMvx6bMpiKFFitvolG/Gp2gbf+5Q5e0siJY9hw3rro3AtxA=="
    }
  }
}
